# This file is automatically @generated by Wally.
# It is not intended for manual editing.
registry = "test"

[[package]]
name = "evaera/promise"
version = "4.0.0"
dependencies = []

[[package]]
name = "howmanysmall/janitor"
version = "1.14.1"
dependencies = []

[[package]]
name = "joelm/socket"
version = "0.1.0"
dependencies = [["janitor", "howmanysmall/janitor@1.14.1"], ["promise", "evaera/promise@4.0.0"], ["roact", "roblox/roact@1.4.2"], ["roact-rodux", "roblox/roact-rodux@0.3.0"], ["rodux", "roblox/rodux@3.0.0"], ["testez", "roblox/testez@0.4.1"]]

[[package]]
name = "roblox/roact"
version = "1.4.2"
dependencies = []

[[package]]
name = "roblox/roact-rodux"
version = "0.3.0"
dependencies = [["Roact", "roblox/roact@1.4.2"], ["Rodux", "roblox/rodux@3.0.0"]]

[[package]]
name = "roblox/rodux"
version = "3.0.0"
dependencies = []

[[package]]
name = "roblox/testez"
version = "0.4.1"
dependencies = []
